{
    "name": "travel-request-management",
    "version": "1.0.0",
    "lockfileVersion": 3,
    "requires": true,
    "packages": {
        "": {
            "name": "travel-request-management",
            "version": "1.0.0",
            "license": "UNLICENSED",
            "devDependencies": {
                "@servicenow/sdk": "file:../sdk"
            }
        },
        "../sdk": {
            "name": "@servicenow/sdk",
            "version": "4.5.0",
            "dev": true,
            "license": "MIT",
            "dependencies": {
                "@servicenow/sdk-api": "4.5.0",
                "@servicenow/sdk-cli": "4.5.0",
                "@servicenow/sdk-core": "4.5.0"
            },
            "bin": {
                "now-sdk": "bin/index.js",
                "now-sdk-debug": "bin/debug.js",
                "sdk": "bin/index.js"
            },
            "devDependencies": {
                "@geut/browser-node-core": "2.0.13",
                "@geut/esbuild-plugin-brode": "2.0.14",
                "@servicenow/sdk-aiaf-plugin": "1.0.0-aiaffluent.20",
                "@servicenow/sdk-nowassist-skill-plugin": "1.0.6-ext-nask-plugins.31",
                "@types/lodash": "4.17.23",
                "@zenfs/core": "0.15.0",
                "fast-glob": "3.3.3",
                "lodash": "4.17.23",
                "path": "0.12.7"
            },
            "engines": {
                "ide_api": "^1.0",
                "node": ">=20.18.0",
                "pnpm": ">=10.8.0"
            },
            "optionalDependencies": {
                "undici": "6.19.8"
            }
        },
        "node_modules/@servicenow/sdk": {
            "resolved": "../sdk",
            "link": true
        }
    }
}
